
Microsoft Visual Studio Solution File, Format Version 12.00
# Visual Studio Version 16
VisualStudioVersion = 25.0.1706.9
MinimumVisualStudioVersion = 10.0.40219.1
Project("{FAE04EC0-301F-11D3-BF4B-00C04F79EFBC}") = "method", "method\method.csproj", "{8ACB2A3F-CF34-4480-BAAC-0B4D0EBF1066}"
EndProject
Global
	GlobalSection(SolutionConfigurationPlatforms) = preSolution
		Debug|Any CPU = Debug|Any CPU
		Release|Any CPU = Release|Any CPU
	EndGlobalSection
	GlobalSection(ProjectConfigurationPlatforms) = postSolution
		{8ACB2A3F-CF34-4480-BAAC-0B4D0EBF1066}.Debug|Any CPU.ActiveCfg = Debug|Any CPU
		{8ACB2A3F-CF34-4480-BAAC-0B4D0EBF1066}.Debug|Any CPU.Build.0 = Debug|Any CPU
		{8ACB2A3F-CF34-4480-BAAC-0B4D0EBF1066}.Release|Any CPU.ActiveCfg = Release|Any CPU
		{8ACB2A3F-CF34-4480-BAAC-0B4D0EBF1066}.Release|Any CPU.Build.0 = Release|Any CPU
	EndGlobalSection
	GlobalSection(SolutionProperties) = preSolution
		HideSolutionNode = FALSE
	EndGlobalSection
	GlobalSection(ExtensibilityGlobals) = postSolution
		SolutionGuid = {26ED5CB3-931F-4839-8BAA-C397A5416F48}
	EndGlobalSection
EndGlobal
